// !$*UTF8*$!
{
	archiveVersion = 1;
	classes = {
	};
	objectVersion = 48;
	objects = {

/* Begin PBXBuildFile section */
		D796F2AE1FF6F47200EF521E /* AppDelegate.swift in Sources */ = {isa = PBXBuildFile; fileRef = D796F2AD1FF6F47200EF521E /* AppDelegate.swift */; };
		D796F2B01FF6F47200EF521E /* art.scnassets in Resources */ = {isa = PBXBuildFile; fileRef = D796F2AF1FF6F47200EF521E /* art.scnassets */; };
		D796F2B21FF6F47200EF521E /* ViewController.swift in Sources */ = {isa = PBXBuildFile; fileRef = D796F2B11FF6F47200EF521E /* ViewController.swift */; };
		D796F2B51FF6F47200EF521E /* Main.storyboard in Resources */ = {isa = PBXBuildFile; fileRef = D796F2B31FF6F47200EF521E /* Main.storyboard */; };
		D796F2B71FF6F47200EF521E /* Assets.xcassets in Resources */ = {isa = PBXBuildFile; fileRef = D796F2B61FF6F47200EF521E /* Assets.xcassets */; };
		D796F2BA1FF6F47200EF521E /* LaunchScreen.storyboard in Resources */ = {isa = PBXBuildFile; fileRef = D796F2B81FF6F47200EF521E /* LaunchScreen.storyboard */; };
		D796F2C21FF6F9BF00EF521E /* estudoViewController.swift in Sources */ = {isa = PBXBuildFile; fileRef = D796F2C11FF6F9BF00EF521E /* estudoViewController.swift */; };
		D796F2C51FF732EF00EF521E /* dragao.dae in Resources */ = {isa = PBXBuildFile; fileRef = D796F2C41FF732EF00EF521E /* dragao.dae */; };
		D796F2C71FF7347100EF521E /* AddItem.swift in Sources */ = {isa = PBXBuildFile; fileRef = D796F2C61FF7347100EF521E /* AddItem.swift */; };
		D796F2CA1FF7485800EF521E /* Dragon_Bump_Col.jpg in Resources */ = {isa = PBXBuildFile; fileRef = D796F2C81FF7485700EF521E /* Dragon_Bump_Col.jpg */; };
		D796F2CB1FF7485800EF521E /* Dragon_Nor_mirror.jpg in Resources */ = {isa = PBXBuildFile; fileRef = D796F2C91FF7485800EF521E /* Dragon_Nor_mirror.jpg */; };
		D796F2CD1FF748FF00EF521E /* Dragon_ground_color.jpg in Resources */ = {isa = PBXBuildFile; fileRef = D796F2CC1FF748FF00EF521E /* Dragon_ground_color.jpg */; };
		D796F2D21FF74BFD00EF521E /* felpudoFlappy.dae in Resources */ = {isa = PBXBuildFile; fileRef = D796F2D01FF74BFD00EF521E /* felpudoFlappy.dae */; };
		D796F2D31FF74BFD00EF521E /* texturaFelpudoFlappy.jpg in Resources */ = {isa = PBXBuildFile; fileRef = D796F2D11FF74BFD00EF521E /* texturaFelpudoFlappy.jpg */; };
/* End PBXBuildFile section */

/* Begin PBXFileReference section */
		D796F2AA1FF6F47200EF521E /* estudoAR.app */ = {isa = PBXFileReference; explicitFileType = wrapper.application; includeInIndex = 0; path = estudoAR.app; sourceTree = BUILT_PRODUCTS_DIR; };
		D796F2AD1FF6F47200EF521E /* AppDelegate.swift */ = {isa = PBXFileReference; lastKnownFileType = sourcecode.swift; path = AppDelegate.swift; sourceTree = "<group>"; };
		D796F2AF1FF6F47200EF521E /* art.scnassets */ = {isa = PBXFileReference; lastKnownFileType = wrapper.scnassets; path = art.scnassets; sourceTree = "<group>"; };
		D796F2B11FF6F47200EF521E /* ViewController.swift */ = {isa = PBXFileReference; lastKnownFileType = sourcecode.swift; path = ViewController.swift; sourceTree = "<group>"; };
		D796F2B41FF6F47200EF521E /* Base */ = {isa = PBXFileReference; lastKnownFileType = file.storyboard; name = Base; path = Base.lproj/Main.storyboard; sourceTree = "<group>"; };
		D796F2B61FF6F47200EF521E /* Assets.xcassets */ = {isa = PBXFileReference; lastKnownFileType = folder.assetcatalog; path = Assets.xcassets; sourceTree = "<group>"; };
		D796F2B91FF6F47200EF521E /* Base */ = {isa = PBXFileReference; lastKnownFileType = file.storyboard; name = Base; path = Base.lproj/LaunchScreen.storyboard; sourceTree = "<group>"; };
		D796F2BB1FF6F47200EF521E /* Info.plist */ = {isa = PBXFileReference; lastKnownFileType = text.plist.xml; path = Info.plist; sourceTree = "<group>"; };
		D796F2C11FF6F9BF00EF521E /* estudoViewController.swift */ = {isa = PBXFileReference; lastKnownFileType = sourcecode.swift; path = estudoViewController.swift; sourceTree = "<group>"; };
		D796F2C41FF732EF00EF521E /* dragao.dae */ = {isa = PBXFileReference; fileEncoding = 4; lastKnownFileType = text.xml.dae; path = dragao.dae; sourceTree = "<group>"; };
		D796F2C61FF7347100EF521E /* AddItem.swift */ = {isa = PBXFileReference; lastKnownFileType = sourcecode.swift; path = AddItem.swift; sourceTree = "<group>"; };
		D796F2C81FF7485700EF521E /* Dragon_Bump_Col.jpg */ = {isa = PBXFileReference; lastKnownFileType = image.jpeg; path = Dragon_Bump_Col.jpg; sourceTree = "<group>"; };
		D796F2C91FF7485800EF521E /* Dragon_Nor_mirror.jpg */ = {isa = PBXFileReference; lastKnownFileType = image.jpeg; path = Dragon_Nor_mirror.jpg; sourceTree = "<group>"; };
		D796F2CC1FF748FF00EF521E /* Dragon_ground_color.jpg */ = {isa = PBXFileReference; lastKnownFileType = image.jpeg; path = Dragon_ground_color.jpg; sourceTree = "<group>"; };
		D796F2D01FF74BFD00EF521E /* felpudoFlappy.dae */ = {isa = PBXFileReference; fileEncoding = 4; lastKnownFileType = text.xml.dae; path = felpudoFlappy.dae; sourceTree = "<group>"; };
		D796F2D11FF74BFD00EF521E /* texturaFelpudoFlappy.jpg */ = {isa = PBXFileReference; lastKnownFileType = image.jpeg; path = texturaFelpudoFlappy.jpg; sourceTree = "<group>"; };
/* End PBXFileReference section */

/* Begin PBXFrameworksBuildPhase section */
		D796F2A71FF6F47200EF521E /* Frameworks */ = {
			isa = PBXFrameworksBuildPhase;
			buildActionMask = 2147483647;
			files = (
			);
			runOnlyForDeploymentPostprocessing = 0;
		};
/* End PBXFrameworksBuildPhase section */

/* Begin PBXGroup section */
		D796F2A11FF6F47200EF521E = {
			isa = PBXGroup;
			children = (
				D796F2AC1FF6F47200EF521E /* estudoAR */,
				D796F2AB1FF6F47200EF521E /* Products */,
			);
			sourceTree = "<group>";
		};
		D796F2AB1FF6F47200EF521E /* Products */ = {
			isa = PBXGroup;
			children = (
				D796F2AA1FF6F47200EF521E /* estudoAR.app */,
			);
			name = Products;
			sourceTree = "<group>";
		};
		D796F2AC1FF6F47200EF521E /* estudoAR */ = {
			isa = PBXGroup;
			children = (
				D796F2C11FF6F9BF00EF521E /* estudoViewController.swift */,
				D796F2C61FF7347100EF521E /* AddItem.swift */,
				D796F2C31FF6F9DE00EF521E /* arquivos */,
				D796F2AD1FF6F47200EF521E /* AppDelegate.swift */,
				D796F2AF1FF6F47200EF521E /* art.scnassets */,
				D796F2B11FF6F47200EF521E /* ViewController.swift */,
				D796F2B31FF6F47200EF521E /* Main.storyboard */,
				D796F2B61FF6F47200EF521E /* Assets.xcassets */,
				D796F2B81FF6F47200EF521E /* LaunchScreen.storyboard */,
				D796F2BB1FF6F47200EF521E /* Info.plist */,
			);
			path = estudoAR;
			sourceTree = "<group>";
		};
		D796F2C31FF6F9DE00EF521E /* arquivos */ = {
			isa = PBXGroup;
			children = (
				D796F2CF1FF74BE300EF521E /* passarinho */,
				D796F2CE1FF74BD100EF521E /* Dragao */,
			);
			path = arquivos;
			sourceTree = "<group>";
		};
		D796F2CE1FF74BD100EF521E /* Dragao */ = {
			isa = PBXGroup;
			children = (
				D796F2C41FF732EF00EF521E /* dragao.dae */,
				D796F2CC1FF748FF00EF521E /* Dragon_ground_color.jpg */,
				D796F2C81FF7485700EF521E /* Dragon_Bump_Col.jpg */,
				D796F2C91FF7485800EF521E /* Dragon_Nor_mirror.jpg */,
			);
			path = Dragao;
			sourceTree = "<group>";
		};
		D796F2CF1FF74BE300EF521E /* passarinho */ = {
			isa = PBXGroup;
			children = (
				D796F2D01FF74BFD00EF521E /* felpudoFlappy.dae */,
				D796F2D11FF74BFD00EF521E /* texturaFelpudoFlappy.jpg */,
			);
			path = passarinho;
			sourceTree = "<group>";
		};
/* End PBXGroup section */

/* Begin PBXNativeTarget section */
		D796F2A91FF6F47200EF521E /* estudoAR */ = {
			isa = PBXNativeTarget;
			buildConfigurationList = D796F2BE1FF6F47200EF521E /* Build configuration list for PBXNativeTarget "estudoAR" */;
			buildPhases = (
				D796F2A61FF6F47200EF521E /* Sources */,
				D796F2A71FF6F47200EF521E /* Frameworks */,
				D796F2A81FF6F47200EF521E /* Resources */,
			);
			buildRules = (
			);
			dependencies = (
			);
			name = estudoAR;
			productName = estudoAR;
			productReference = D796F2AA1FF6F47200EF521E /* estudoAR.app */;
			productType = "com.apple.product-type.application";
		};
/* End PBXNativeTarget section */

/* Begin PBXProject section */
		D796F2A21FF6F47200EF521E /* Project object */ = {
			isa = PBXProject;
			attributes = {
				LastSwiftUpdateCheck = 0920;
				LastUpgradeCheck = 0920;
				ORGANIZATIONNAME = "Josaphat Campos Pereira";
				TargetAttributes = {
					D796F2A91FF6F47200EF521E = {
						CreatedOnToolsVersion = 9.2;
						ProvisioningStyle = Automatic;
					};
				};
			};
			buildConfigurationList = D796F2A51FF6F47200EF521E /* Build configuration list for PBXProject "estudoAR" */;
			compatibilityVersion = "Xcode 8.0";
			developmentRegion = en;
			hasScannedForEncodings = 0;
			knownRegions = (
				en,
				Base,
			);
			mainGroup = D796F2A11FF6F47200EF521E;
			productRefGroup = D796F2AB1FF6F47200EF521E /* Products */;
			projectDirPath = "";
			projectRoot = "";
			targets = (
				D796F2A91FF6F47200EF521E /* estudoAR */,
			);
		};
/* End PBXProject section */

/* Begin PBXResourcesBuildPhase section */
		D796F2A81FF6F47200EF521E /* Resources */ = {
			isa = PBXResourcesBuildPhase;
			buildActionMask = 2147483647;
			files = (
				D796F2B01FF6F47200EF521E /* art.scnassets in Resources */,
				D796F2C51FF732EF00EF521E /* dragao.dae in Resources */,
				D796F2D21FF74BFD00EF521E /* felpudoFlappy.dae in Resources */,
				D796F2BA1FF6F47200EF521E /* LaunchScreen.storyboard in Resources */,
				D796F2B71FF6F47200EF521E /* Assets.xcassets in Resources */,
				D796F2B51FF6F47200EF521E /* Main.storyboard in Resources */,
				D796F2CD1FF748FF00EF521E /* Dragon_ground_color.jpg in Resources */,
				D796F2CA1FF7485800EF521E /* Dragon_Bump_Col.jpg in Resources */,
				D796F2CB1FF7485800EF521E /* Dragon_Nor_mirror.jpg in Resources */,
				D796F2D31FF74BFD00EF521E /* texturaFelpudoFlappy.jpg in Resources */,
			);
			runOnlyForDeploymentPostprocessing = 0;
		};
/* End PBXResourcesBuildPhase section */

/* Begin PBXSourcesBuildPhase section */
		D796F2A61FF6F47200EF521E /* Sources */ = {
			isa = PBXSourcesBuildPhase;
			buildActionMask = 2147483647;
			files = (
				D796F2B21FF6F47200EF521E /* ViewController.swift in Sources */,
				D796F2C71FF7347100EF521E /* AddItem.swift in Sources */,
				D796F2AE1FF6F47200EF521E /* AppDelegate.swift in Sources */,
				D796F2C21FF6F9BF00EF521E /* estudoViewController.swift in Sources */,
			);
			runOnlyForDeploymentPostprocessing = 0;
		};
/* End PBXSourcesBuildPhase section */

/* Begin PBXVariantGroup section */
		D796F2B31FF6F47200EF521E /* Main.storyboard */ = {
			isa = PBXVariantGroup;
			children = (
				D796F2B41FF6F47200EF521E /* Base */,
			);
			name = Main.storyboard;
			sourceTree = "<group>";
		};
		D796F2B81FF6F47200EF521E /* LaunchScreen.storyboard */ = {
			isa = PBXVariantGroup;
			children = (
				D796F2B91FF6F47200EF521E /* Base */,
			);
			name = LaunchScreen.storyboard;
			sourceTree = "<group>";
		};
/* End PBXVariantGroup section */

/* Begin XCBuildConfiguration section */
		D796F2BC1FF6F47200EF521E /* Debug */ = {
			isa = XCBuildConfiguration;
			buildSettings = {
				ALWAYS_SEARCH_USER_PATHS = NO;
				CLANG_ANALYZER_NONNULL = YES;
				CLANG_ANALYZER_NUMBER_OBJECT_CONVERSION = YES_AGGRESSIVE;
				CLANG_CXX_LANGUAGE_STANDARD = "gnu++14";
				CLANG_CXX_LIBRARY = "libc++";
				CLANG_ENABLE_MODULES = YES;
				CLANG_ENABLE_OBJC_ARC = YES;
				CLANG_WARN_BLOCK_CAPTURE_AUTORELEASING = YES;
				CLANG_WARN_BOOL_CONVERSION = YES;
				CLANG_WARN_COMMA = YES;
				CLANG_WARN_CONSTANT_CONVERSION = YES;
				CLANG_WARN_DIRECT_OBJC_ISA_USAGE = YES_ERROR;
				CLANG_WARN_DOCUMENTATION_COMMENTS = YES;
				CLANG_WARN_EMPTY_BODY = YES;
				CLANG_WARN_ENUM_CONVERSION = YES;
				CLANG_WARN_INFINITE_RECURSION = YES;
				CLANG_WARN_INT_CONVERSION = YES;
				CLANG_WARN_NON_LITERAL_NULL_CONVERSION = YES;
				CLANG_WARN_OBJC_LITERAL_CONVERSION = YES;
				CLANG_WARN_OBJC_ROOT_CLASS = YES_ERROR;
				CLANG_WARN_RANGE_LOOP_ANALYSIS = YES;
				CLANG_WARN_STRICT_PROTOTYPES = YES;
				CLANG_WARN_SUSPICIOUS_MOVE = YES;
				CLANG_WARN_UNGUARDED_AVAILABILITY = YES_AGGRESSIVE;
				CLANG_WARN_UNREACHABLE_CODE = YES;
				CLANG_WARN__DUPLICATE_METHOD_MATCH = YES;
				CODE_SIGN_IDENTITY = "iPhone Developer";
				COPY_PHASE_STRIP = NO;
				DEBUG_INFORMATION_FORMAT = dwarf;
				ENABLE_STRICT_OBJC_MSGSEND = YES;
				ENABLE_TESTABILITY = YES;
				GCC_C_LANGUAGE_STANDARD = gnu11;
				GCC_DYNAMIC_NO_PIC = NO;
				GCC_NO_COMMON_BLOCKS = YES;
				GCC_OPTIMIZATION_LEVEL = 0;
				GCC_PREPROCESSOR_DEFINITIONS = (
					"DEBUG=1",
					"$(inherited)",
				);
				GCC_WARN_64_TO_32_BIT_CONVERSION = YES;
				GCC_WARN_ABOUT_RETURN_TYPE = YES_ERROR;
				GCC_WARN_UNDECLARED_SELECTOR = YES;
				GCC_WARN_UNINITIALIZED_AUTOS = YES_AGGRESSIVE;
				GCC_WARN_UNUSED_FUNCTION = YES;
				GCC_WARN_UNUSED_VARIABLE = YES;
				IPHONEOS_DEPLOYMENT_TARGET = 11.2;
				MTL_ENABLE_DEBUG_INFO = YES;
				ONLY_ACTIVE_ARCH = YES;
				SDKROOT = iphoneos;
				SWIFT_ACTIVE_COMPILATION_CONDITIONS = DEBUG;
				SWIFT_OPTIMIZATION_LEVEL = "-Onone";
			};
			name = Debug;
		};
		D796F2BD1FF6F47200EF521E /* Release */ = {
			isa = XCBuildConfiguration;
			buildSettings = {
				ALWAYS_SEARCH_USER_PATHS = NO;
				CLANG_ANALYZER_NONNULL = YES;
				CLANG_ANALYZER_NUMBER_OBJECT_CONVERSION = YES_AGGRESSIVE;
				CLANG_CXX_LANGUAGE_STANDARD = "gnu++14";
				CLANG_CXX_LIBRARY = "libc++";
				CLANG_ENABLE_MODULES = YES;
				CLANG_ENABLE_OBJC_ARC = YES;
				CLANG_WARN_BLOCK_CAPTURE_AUTORELEASING = YES;
				CLANG_WARN_BOOL_CONVERSION = YES;
				CLANG_WARN_COMMA = YES;
				CLANG_WARN_CONSTANT_CONVERSION = YES;
				CLANG_WARN_DIRECT_OBJC_ISA_USAGE = YES_ERROR;
				CLANG_WARN_DOCUMENTATION_COMMENTS = YES;
				CLANG_WARN_EMPTY_BODY = YES;
				CLANG_WARN_ENUM_CONVERSION = YES;
				CLANG_WARN_INFINITE_RECURSION = YES;
				CLANG_WARN_INT_CONVERSION = YES;
				CLANG_WARN_NON_LITERAL_NULL_CONVERSION = YES;
				CLANG_WARN_OBJC_LITERAL_CONVERSION = YES;
				CLANG_WARN_OBJC_ROOT_CLASS = YES_ERROR;
				CLANG_WARN_RANGE_LOOP_ANALYSIS = YES;
				CLANG_WARN_STRICT_PROTOTYPES = YES;
				CLANG_WARN_SUSPICIOUS_MOVE = YES;
				CLANG_WARN_UNGUARDED_AVAILABILITY = YES_AGGRESSIVE;
				CLANG_WARN_UNREACHABLE_CODE = YES;
				CLANG_WARN__DUPLICATE_METHOD_MATCH = YES;
				CODE_SIGN_IDENTITY = "iPhone Developer";
				COPY_PHASE_STRIP = NO;
				DEBUG_INFORMATION_FORMAT = "dwarf-with-dsym";
				ENABLE_NS_ASSERTIONS = NO;
				ENABLE_STRICT_OBJC_MSGSEND = YES;
				GCC_C_LANGUAGE_STANDARD = gnu11;
				GCC_NO_COMMON_BLOCKS = YES;
				GCC_WARN_64_TO_32_BIT_CONVERSION = YES;
				GCC_WARN_ABOUT_RETURN_TYPE = YES_ERROR;
				GCC_WARN_UNDECLARED_SELECTOR = YES;
				GCC_WARN_UNINITIALIZED_AUTOS = YES_AGGRESSIVE;
				GCC_WARN_UNUSED_FUNCTION = YES;
				GCC_WARN_UNUSED_VARIABLE = YES;
				IPHONEOS_DEPLOYMENT_TARGET = 11.2;
				MTL_ENABLE_DEBUG_INFO = NO;
				SDKROOT = iphoneos;
				SWIFT_OPTIMIZATION_LEVEL = "-Owholemodule";
				VALIDATE_PRODUCT = YES;
			};
			name = Release;
		};
		D796F2BF1FF6F47200EF521E /* Debug */ = {
			isa = XCBuildConfiguration;
			buildSettings = {
				ASSETCATALOG_COMPILER_APPICON_NAME = AppIcon;
				CODE_SIGN_STYLE = Automatic;
				DEVELOPMENT_TEAM = SPWMMSKK74;
				INFOPLIST_FILE = estudoAR/Info.plist;
				LD_RUNPATH_SEARCH_PATHS = "$(inherited) @executable_path/Frameworks";
				PRODUCT_BUNDLE_IDENTIFIER = br.com.jocampos.estudoAR;
				PRODUCT_NAME = "$(TARGET_NAME)";
				SWIFT_VERSION = 4.0;
				TARGETED_DEVICE_FAMILY = "1,2";
			};
			name = Debug;
		};
		D796F2C01FF6F47200EF521E /* Release */ = {
			isa = XCBuildConfiguration;
			buildSettings = {
				ASSETCATALOG_COMPILER_APPICON_NAME = AppIcon;
				CODE_SIGN_STYLE = Automatic;
				DEVELOPMENT_TEAM = SPWMMSKK74;
				INFOPLIST_FILE = estudoAR/Info.plist;
				LD_RUNPATH_SEARCH_PATHS = "$(inherited) @executable_path/Frameworks";
				PRODUCT_BUNDLE_IDENTIFIER = br.com.jocampos.estudoAR;
				PRODUCT_NAME = "$(TARGET_NAME)";
				SWIFT_VERSION = 4.0;
				TARGETED_DEVICE_FAMILY = "1,2";
			};
			name = Release;
		};
/* End XCBuildConfiguration section */

/* Begin XCConfigurationList section */
		D796F2A51FF6F47200EF521E /* Build configuration list for PBXProject "estudoAR" */ = {
			isa = XCConfigurationList;
			buildConfigurations = (
				D796F2BC1FF6F47200EF521E /* Debug */,
				D796F2BD1FF6F47200EF521E /* Release */,
			);
			defaultConfigurationIsVisible = 0;
			defaultConfigurationName = Release;
		};
		D796F2BE1FF6F47200EF521E /* Build configuration list for PBXNativeTarget "estudoAR" */ = {
			isa = XCConfigurationList;
			buildConfigurations = (
				D796F2BF1FF6F47200EF521E /* Debug */,
				D796F2C01FF6F47200EF521E /* Release */,
			);
			defaultConfigurationIsVisible = 0;
			defaultConfigurationName = Release;
		};
/* End XCConfigurationList section */
	};
	rootObject = D796F2A21FF6F47200EF521E /* Project object */;
}
